// !$*UTF8*$!
{
	archiveVersion = 1;
	classes = {
	};
	objectVersion = 46;
	objects = {

/* Begin PBXBuildFile section */
		271F28E81F71945200176F34 /* GoogleService-Info.plist in Resources */ = {isa = PBXBuildFile; fileRef = 271F28E71F71945200176F34 /* GoogleService-Info.plist */; };
		271F28EA1F719E3800176F34 /* Assets.xcassets in Resources */ = {isa = PBXBuildFile; fileRef = 271F28E91F719E3800176F34 /* Assets.xcassets */; };
		271F28EE1F71AED900176F34 /* TrainerPrefVC.swift in Sources */ = {isa = PBXBuildFile; fileRef = 271F28ED1F71AED900176F34 /* TrainerPrefVC.swift */; };
		271F28F11F7210CA00176F34 /* EliteButton.swift in Sources */ = {isa = PBXBuildFile; fileRef = 271F28F01F7210CA00176F34 /* EliteButton.swift */; };
		271F28F31F72E15A00176F34 /* EliteButtonDelegate.swift in Sources */ = {isa = PBXBuildFile; fileRef = 271F28F21F72E15A00176F34 /* EliteButtonDelegate.swift */; };
		271F28F51F72E83300176F34 /* NewMemberService.swift in Sources */ = {isa = PBXBuildFile; fileRef = 271F28F41F72E83300176F34 /* NewMemberService.swift */; };
		277EAD3C1F7890E70048B177 /* TrainerSelect.storyboard in Resources */ = {isa = PBXBuildFile; fileRef = 277EAD371F7890E60048B177 /* TrainerSelect.storyboard */; };
		277EAD3D1F7890E70048B177 /* NewMember.storyboard in Resources */ = {isa = PBXBuildFile; fileRef = 277EAD381F7890E60048B177 /* NewMember.storyboard */; };
		277EAD3E1F7890E70048B177 /* TrainerLogin.storyboard in Resources */ = {isa = PBXBuildFile; fileRef = 277EAD391F7890E60048B177 /* TrainerLogin.storyboard */; };
		277EAD3F1F7890E70048B177 /* LaunchScreen.storyboard in Resources */ = {isa = PBXBuildFile; fileRef = 277EAD3A1F7890E70048B177 /* LaunchScreen.storyboard */; };
		277EAD401F7890E70048B177 /* TrainerProfile.storyboard in Resources */ = {isa = PBXBuildFile; fileRef = 277EAD3B1F7890E70048B177 /* TrainerProfile.storyboard */; };
		277EAD421F78916D0048B177 /* TrainerService.swift in Sources */ = {isa = PBXBuildFile; fileRef = 277EAD411F78916D0048B177 /* TrainerService.swift */; };
		279F0D4B1F70EF9A00C0C132 /* NewMember.swift in Sources */ = {isa = PBXBuildFile; fileRef = 279F0D4A1F70EF9A00C0C132 /* NewMember.swift */; };
		279F0D4D1F70EFC400C0C132 /* Trainer.swift in Sources */ = {isa = PBXBuildFile; fileRef = 279F0D4C1F70EFC400C0C132 /* Trainer.swift */; };
		279F0D4F1F70F01200C0C132 /* WelcomeVC.swift in Sources */ = {isa = PBXBuildFile; fileRef = 279F0D4E1F70F01200C0C132 /* WelcomeVC.swift */; };
		279F0D511F70F02D00C0C132 /* ContactVC.swift in Sources */ = {isa = PBXBuildFile; fileRef = 279F0D501F70F02D00C0C132 /* ContactVC.swift */; };
		279F0D551F70F08800C0C132 /* HoursOfWorkoutVC.swift in Sources */ = {isa = PBXBuildFile; fileRef = 279F0D541F70F08800C0C132 /* HoursOfWorkoutVC.swift */; };
		279F0D571F70F09B00C0C132 /* ScheduleVC.swift in Sources */ = {isa = PBXBuildFile; fileRef = 279F0D561F70F09B00C0C132 /* ScheduleVC.swift */; };
		279F0D591F70F0D600C0C132 /* TrainerSelectVC.swift in Sources */ = {isa = PBXBuildFile; fileRef = 279F0D581F70F0D600C0C132 /* TrainerSelectVC.swift */; };
		279F0D5B1F70F1A800C0C132 /* TrainerLoginVC.swift in Sources */ = {isa = PBXBuildFile; fileRef = 279F0D5A1F70F1A800C0C132 /* TrainerLoginVC.swift */; };
		279F0D5D1F70F1C000C0C132 /* TrainerInfoVC.swift in Sources */ = {isa = PBXBuildFile; fileRef = 279F0D5C1F70F1C000C0C132 /* TrainerInfoVC.swift */; };
		279F0D5F1F70F1E000C0C132 /* TrainerInfoSpecVC.swift in Sources */ = {isa = PBXBuildFile; fileRef = 279F0D5E1F70F1E000C0C132 /* TrainerInfoSpecVC.swift */; };
		279F0D611F70F1FF00C0C132 /* TrainerScheduleVC.swift in Sources */ = {isa = PBXBuildFile; fileRef = 279F0D601F70F1FF00C0C132 /* TrainerScheduleVC.swift */; };
		27E3166A1F70E2AC00E30E69 /* AppDelegate.swift in Sources */ = {isa = PBXBuildFile; fileRef = 27E316691F70E2AC00E30E69 /* AppDelegate.swift */; };
		59F4C4AE5CB9EE045458CB72 /* Pods_Elite_Training_App.framework in Frameworks */ = {isa = PBXBuildFile; fileRef = AE03A2E4113E281B17B845B0 /* Pods_Elite_Training_App.framework */; };
/* End PBXBuildFile section */

/* Begin PBXFileReference section */
		163F1D4D1321D5441E10D931 /* Pods-Elite-Training-App.release.xcconfig */ = {isa = PBXFileReference; includeInIndex = 1; lastKnownFileType = text.xcconfig; name = "Pods-Elite-Training-App.release.xcconfig"; path = "Pods/Target Support Files/Pods-Elite-Training-App/Pods-Elite-Training-App.release.xcconfig"; sourceTree = "<group>"; };
		271F28E71F71945200176F34 /* GoogleService-Info.plist */ = {isa = PBXFileReference; fileEncoding = 4; lastKnownFileType = text.plist.xml; path = "GoogleService-Info.plist"; sourceTree = "<group>"; };
		271F28E91F719E3800176F34 /* Assets.xcassets */ = {isa = PBXFileReference; lastKnownFileType = folder.assetcatalog; name = Assets.xcassets; path = "Elite-Training-App/Assets.xcassets"; sourceTree = SOURCE_ROOT; };
		271F28ED1F71AED900176F34 /* TrainerPrefVC.swift */ = {isa = PBXFileReference; fileEncoding = 4; lastKnownFileType = sourcecode.swift; name = TrainerPrefVC.swift; path = Controllers/TrainerPrefVC.swift; sourceTree = "<group>"; };
		271F28F01F7210CA00176F34 /* EliteButton.swift */ = {isa = PBXFileReference; fileEncoding = 4; lastKnownFileType = sourcecode.swift; name = EliteButton.swift; path = Views/EliteButton.swift; sourceTree = "<group>"; };
		271F28F21F72E15A00176F34 /* EliteButtonDelegate.swift */ = {isa = PBXFileReference; fileEncoding = 4; lastKnownFileType = sourcecode.swift; name = EliteButtonDelegate.swift; path = Views/EliteButtonDelegate.swift; sourceTree = "<group>"; };
		271F28F41F72E83300176F34 /* NewMemberService.swift */ = {isa = PBXFileReference; fileEncoding = 4; lastKnownFileType = sourcecode.swift; name = NewMemberService.swift; path = Services/NewMemberService.swift; sourceTree = "<group>"; };
		276283201F70D18E002046CE /* Elite-Training-App.app */ = {isa = PBXFileReference; explicitFileType = wrapper.application; includeInIndex = 0; path = "Elite-Training-App.app"; sourceTree = BUILT_PRODUCTS_DIR; };
		277EAD371F7890E60048B177 /* TrainerSelect.storyboard */ = {isa = PBXFileReference; fileEncoding = 4; lastKnownFileType = file.storyboard; name = TrainerSelect.storyboard; path = Storyboards/TrainerSelect.storyboard; sourceTree = "<group>"; };
		277EAD381F7890E60048B177 /* NewMember.storyboard */ = {isa = PBXFileReference; fileEncoding = 4; lastKnownFileType = file.storyboard; name = NewMember.storyboard; path = Storyboards/NewMember.storyboard; sourceTree = "<group>"; };
		277EAD391F7890E60048B177 /* TrainerLogin.storyboard */ = {isa = PBXFileReference; fileEncoding = 4; lastKnownFileType = file.storyboard; name = TrainerLogin.storyboard; path = Storyboards/TrainerLogin.storyboard; sourceTree = "<group>"; };
		277EAD3A1F7890E70048B177 /* LaunchScreen.storyboard */ = {isa = PBXFileReference; fileEncoding = 4; lastKnownFileType = file.storyboard; name = LaunchScreen.storyboard; path = Storyboards/LaunchScreen.storyboard; sourceTree = "<group>"; };
		277EAD3B1F7890E70048B177 /* TrainerProfile.storyboard */ = {isa = PBXFileReference; fileEncoding = 4; lastKnownFileType = file.storyboard; name = TrainerProfile.storyboard; path = Storyboards/TrainerProfile.storyboard; sourceTree = "<group>"; };
		277EAD411F78916D0048B177 /* TrainerService.swift */ = {isa = PBXFileReference; lastKnownFileType = sourcecode.swift; name = TrainerService.swift; path = Services/TrainerService.swift; sourceTree = "<group>"; };
		279F0D4A1F70EF9A00C0C132 /* NewMember.swift */ = {isa = PBXFileReference; fileEncoding = 4; lastKnownFileType = sourcecode.swift; name = NewMember.swift; path = Models/NewMember.swift; sourceTree = "<group>"; };
		279F0D4C1F70EFC400C0C132 /* Trainer.swift */ = {isa = PBXFileReference; fileEncoding = 4; lastKnownFileType = sourcecode.swift; name = Trainer.swift; path = Models/Trainer.swift; sourceTree = "<group>"; };
		279F0D4E1F70F01200C0C132 /* WelcomeVC.swift */ = {isa = PBXFileReference; fileEncoding = 4; lastKnownFileType = sourcecode.swift; name = WelcomeVC.swift; path = Controllers/WelcomeVC.swift; sourceTree = "<group>"; };
		279F0D501F70F02D00C0C132 /* ContactVC.swift */ = {isa = PBXFileReference; fileEncoding = 4; lastKnownFileType = sourcecode.swift; name = ContactVC.swift; path = Controllers/ContactVC.swift; sourceTree = "<group>"; };
		279F0D541F70F08800C0C132 /* HoursOfWorkoutVC.swift */ = {isa = PBXFileReference; fileEncoding = 4; lastKnownFileType = sourcecode.swift; name = HoursOfWorkoutVC.swift; path = Controllers/HoursOfWorkoutVC.swift; sourceTree = "<group>"; };
		279F0D561F70F09B00C0C132 /* ScheduleVC.swift */ = {isa = PBXFileReference; fileEncoding = 4; lastKnownFileType = sourcecode.swift; name = ScheduleVC.swift; path = Controllers/ScheduleVC.swift; sourceTree = "<group>"; };
		279F0D581F70F0D600C0C132 /* TrainerSelectVC.swift */ = {isa = PBXFileReference; fileEncoding = 4; lastKnownFileType = sourcecode.swift; name = TrainerSelectVC.swift; path = Controllers/TrainerSelectVC.swift; sourceTree = "<group>"; };
		279F0D5A1F70F1A800C0C132 /* TrainerLoginVC.swift */ = {isa = PBXFileReference; fileEncoding = 4; lastKnownFileType = sourcecode.swift; name = TrainerLoginVC.swift; path = Controllers/TrainerLoginVC.swift; sourceTree = "<group>"; };
		279F0D5C1F70F1C000C0C132 /* TrainerInfoVC.swift */ = {isa = PBXFileReference; fileEncoding = 4; lastKnownFileType = sourcecode.swift; name = TrainerInfoVC.swift; path = Controllers/TrainerInfoVC.swift; sourceTree = "<group>"; };
		279F0D5E1F70F1E000C0C132 /* TrainerInfoSpecVC.swift */ = {isa = PBXFileReference; fileEncoding = 4; lastKnownFileType = sourcecode.swift; name = TrainerInfoSpecVC.swift; path = Controllers/TrainerInfoSpecVC.swift; sourceTree = "<group>"; };
		279F0D601F70F1FF00C0C132 /* TrainerScheduleVC.swift */ = {isa = PBXFileReference; fileEncoding = 4; lastKnownFileType = sourcecode.swift; name = TrainerScheduleVC.swift; path = Controllers/TrainerScheduleVC.swift; sourceTree = "<group>"; };
		27E316691F70E2AC00E30E69 /* AppDelegate.swift */ = {isa = PBXFileReference; fileEncoding = 4; lastKnownFileType = sourcecode.swift; path = AppDelegate.swift; sourceTree = "<group>"; };
		27E3166B1F70E2EA00E30E69 /* Info.plist */ = {isa = PBXFileReference; fileEncoding = 4; lastKnownFileType = text.plist.xml; path = Info.plist; sourceTree = "<group>"; };
		AE03A2E4113E281B17B845B0 /* Pods_Elite_Training_App.framework */ = {isa = PBXFileReference; explicitFileType = wrapper.framework; includeInIndex = 0; path = Pods_Elite_Training_App.framework; sourceTree = BUILT_PRODUCTS_DIR; };
		BA1B3DE1A568529455B9FEC2 /* Pods-Elite-Training-App.debug.xcconfig */ = {isa = PBXFileReference; includeInIndex = 1; lastKnownFileType = text.xcconfig; name = "Pods-Elite-Training-App.debug.xcconfig"; path = "Pods/Target Support Files/Pods-Elite-Training-App/Pods-Elite-Training-App.debug.xcconfig"; sourceTree = "<group>"; };
/* End PBXFileReference section */

/* Begin PBXFrameworksBuildPhase section */
		2762831D1F70D18E002046CE /* Frameworks */ = {
			isa = PBXFrameworksBuildPhase;
			buildActionMask = 2147483647;
			files = (
				59F4C4AE5CB9EE045458CB72 /* Pods_Elite_Training_App.framework in Frameworks */,
			);
			runOnlyForDeploymentPostprocessing = 0;
		};
/* End PBXFrameworksBuildPhase section */

/* Begin PBXGroup section */
		122980BEF6CADA500776F45A /* Pods */ = {
			isa = PBXGroup;
			children = (
				BA1B3DE1A568529455B9FEC2 /* Pods-Elite-Training-App.debug.xcconfig */,
				163F1D4D1321D5441E10D931 /* Pods-Elite-Training-App.release.xcconfig */,
			);
			name = Pods;
			sourceTree = "<group>";
		};
		276283171F70D18E002046CE = {
			isa = PBXGroup;
			children = (
				276283221F70D18E002046CE /* Elite-Training-App */,
				276283211F70D18E002046CE /* Products */,
				122980BEF6CADA500776F45A /* Pods */,
				87E29E60DFF54272B8DDDAA8 /* Frameworks */,
			);
			sourceTree = "<group>";
		};
		276283211F70D18E002046CE /* Products */ = {
			isa = PBXGroup;
			children = (
				276283201F70D18E002046CE /* Elite-Training-App.app */,
			);
			name = Products;
			sourceTree = "<group>";
		};
		276283221F70D18E002046CE /* Elite-Training-App */ = {
			isa = PBXGroup;
			children = (
				277EAD361F7890900048B177 /* Storyboards */,
				279F0D3C1F70E47F00C0C132 /* Services */,
				279F0D3B1F70E47300C0C132 /* Models */,
				279F0D391F70E45E00C0C132 /* Views */,
				279F0D371F70E42100C0C132 /* Controllers */,
				279F0D411F70E50F00C0C132 /* Supporting */,
				27E316691F70E2AC00E30E69 /* AppDelegate.swift */,
			);
			path = "Elite-Training-App";
			sourceTree = "<group>";
		};
		277EAD361F7890900048B177 /* Storyboards */ = {
			isa = PBXGroup;
			children = (
				277EAD3A1F7890E70048B177 /* LaunchScreen.storyboard */,
				277EAD381F7890E60048B177 /* NewMember.storyboard */,
				277EAD391F7890E60048B177 /* TrainerLogin.storyboard */,
				277EAD3B1F7890E70048B177 /* TrainerProfile.storyboard */,
				277EAD371F7890E60048B177 /* TrainerSelect.storyboard */,
			);
			name = Storyboards;
			sourceTree = "<group>";
		};
		279F0D371F70E42100C0C132 /* Controllers */ = {
			isa = PBXGroup;
			children = (
				279F0D4E1F70F01200C0C132 /* WelcomeVC.swift */,
				279F0D501F70F02D00C0C132 /* ContactVC.swift */,
				271F28ED1F71AED900176F34 /* TrainerPrefVC.swift */,
				279F0D541F70F08800C0C132 /* HoursOfWorkoutVC.swift */,
				279F0D561F70F09B00C0C132 /* ScheduleVC.swift */,
				279F0D581F70F0D600C0C132 /* TrainerSelectVC.swift */,
				279F0D5A1F70F1A800C0C132 /* TrainerLoginVC.swift */,
				279F0D5C1F70F1C000C0C132 /* TrainerInfoVC.swift */,
				279F0D5E1F70F1E000C0C132 /* TrainerInfoSpecVC.swift */,
				279F0D601F70F1FF00C0C132 /* TrainerScheduleVC.swift */,
			);
			name = Controllers;
			sourceTree = "<group>";
		};
		279F0D391F70E45E00C0C132 /* Views */ = {
			isa = PBXGroup;
			children = (
				271F28F01F7210CA00176F34 /* EliteButton.swift */,
				271F28F21F72E15A00176F34 /* EliteButtonDelegate.swift */,
			);
			name = Views;
			sourceTree = "<group>";
		};
		279F0D3B1F70E47300C0C132 /* Models */ = {
			isa = PBXGroup;
			children = (
				279F0D4A1F70EF9A00C0C132 /* NewMember.swift */,
				279F0D4C1F70EFC400C0C132 /* Trainer.swift */,
			);
			name = Models;
			sourceTree = "<group>";
		};
		279F0D3C1F70E47F00C0C132 /* Services */ = {
			isa = PBXGroup;
			children = (
				271F28F41F72E83300176F34 /* NewMemberService.swift */,
				277EAD411F78916D0048B177 /* TrainerService.swift */,
			);
			name = Services;
			sourceTree = "<group>";
		};
		279F0D411F70E50F00C0C132 /* Supporting */ = {
			isa = PBXGroup;
			children = (
				271F28E91F719E3800176F34 /* Assets.xcassets */,
				271F28E71F71945200176F34 /* GoogleService-Info.plist */,
				27E3166B1F70E2EA00E30E69 /* Info.plist */,
			);
			name = Supporting;
			sourceTree = "<group>";
		};
		87E29E60DFF54272B8DDDAA8 /* Frameworks */ = {
			isa = PBXGroup;
			children = (
				AE03A2E4113E281B17B845B0 /* Pods_Elite_Training_App.framework */,
			);
			name = Frameworks;
			sourceTree = "<group>";
		};
/* End PBXGroup section */

/* Begin PBXNativeTarget section */
		2762831F1F70D18E002046CE /* Elite-Training-App */ = {
			isa = PBXNativeTarget;
			buildConfigurationList = 276283321F70D18E002046CE /* Build configuration list for PBXNativeTarget "Elite-Training-App" */;
			buildPhases = (
				E4C5A687A1140E60293F938D /* [CP] Check Pods Manifest.lock */,
				2762831C1F70D18E002046CE /* Sources */,
				2762831D1F70D18E002046CE /* Frameworks */,
				2762831E1F70D18E002046CE /* Resources */,
				C96344B194799CA4908DC6A6 /* [CP] Embed Pods Frameworks */,
				B6BC8428C80CAEEF272354DD /* [CP] Copy Pods Resources */,
			);
			buildRules = (
			);
			dependencies = (
			);
			name = "Elite-Training-App";
			productName = "Elite-Training-App";
			productReference = 276283201F70D18E002046CE /* Elite-Training-App.app */;
			productType = "com.apple.product-type.application";
		};
/* End PBXNativeTarget section */

/* Begin PBXProject section */
		276283181F70D18E002046CE /* Project object */ = {
			isa = PBXProject;
			attributes = {
				LastSwiftUpdateCheck = 0830;
				LastUpgradeCheck = 0830;
				ORGANIZATIONNAME = "Elmer Astudillo";
				TargetAttributes = {
					2762831F1F70D18E002046CE = {
						CreatedOnToolsVersion = 8.3.2;
						DevelopmentTeam = BT6SS5GUF3;
						LastSwiftMigration = 0900;
						ProvisioningStyle = Automatic;
					};
				};
			};
			buildConfigurationList = 2762831B1F70D18E002046CE /* Build configuration list for PBXProject "Elite-Training-App" */;
			compatibilityVersion = "Xcode 3.2";
			developmentRegion = English;
			hasScannedForEncodings = 0;
			knownRegions = (
				en,
				Base,
			);
			mainGroup = 276283171F70D18E002046CE;
			productRefGroup = 276283211F70D18E002046CE /* Products */;
			projectDirPath = "";
			projectRoot = "";
			targets = (
				2762831F1F70D18E002046CE /* Elite-Training-App */,
			);
		};
/* End PBXProject section */

/* Begin PBXResourcesBuildPhase section */
		2762831E1F70D18E002046CE /* Resources */ = {
			isa = PBXResourcesBuildPhase;
			buildActionMask = 2147483647;
			files = (
				271F28E81F71945200176F34 /* GoogleService-Info.plist in Resources */,
				277EAD3D1F7890E70048B177 /* NewMember.storyboard in Resources */,
				271F28EA1F719E3800176F34 /* Assets.xcassets in Resources */,
				277EAD401F7890E70048B177 /* TrainerProfile.storyboard in Resources */,
				277EAD3F1F7890E70048B177 /* LaunchScreen.storyboard in Resources */,
				277EAD3E1F7890E70048B177 /* TrainerLogin.storyboard in Resources */,
				277EAD3C1F7890E70048B177 /* TrainerSelect.storyboard in Resources */,
			);
			runOnlyForDeploymentPostprocessing = 0;
		};
/* End PBXResourcesBuildPhase section */

/* Begin PBXShellScriptBuildPhase section */
		B6BC8428C80CAEEF272354DD /* [CP] Copy Pods Resources */ = {
			isa = PBXShellScriptBuildPhase;
			buildActionMask = 2147483647;
			files = (
			);
			inputPaths = (
			);
			name = "[CP] Copy Pods Resources";
			outputPaths = (
			);
			runOnlyForDeploymentPostprocessing = 0;
			shellPath = /bin/sh;
			shellScript = "\"${SRCROOT}/Pods/Target Support Files/Pods-Elite-Training-App/Pods-Elite-Training-App-resources.sh\"\n";
			showEnvVarsInLog = 0;
		};
		C96344B194799CA4908DC6A6 /* [CP] Embed Pods Frameworks */ = {
			isa = PBXShellScriptBuildPhase;
			buildActionMask = 2147483647;
			files = (
			);
			inputPaths = (
			);
			name = "[CP] Embed Pods Frameworks";
			outputPaths = (
			);
			runOnlyForDeploymentPostprocessing = 0;
			shellPath = /bin/sh;
			shellScript = "\"${SRCROOT}/Pods/Target Support Files/Pods-Elite-Training-App/Pods-Elite-Training-App-frameworks.sh\"\n";
			showEnvVarsInLog = 0;
		};
		E4C5A687A1140E60293F938D /* [CP] Check Pods Manifest.lock */ = {
			isa = PBXShellScriptBuildPhase;
			buildActionMask = 2147483647;
			files = (
			);
			inputPaths = (
			);
			name = "[CP] Check Pods Manifest.lock";
			outputPaths = (
			);
			runOnlyForDeploymentPostprocessing = 0;
			shellPath = /bin/sh;
			shellScript = "diff \"${PODS_PODFILE_DIR_PATH}/Podfile.lock\" \"${PODS_ROOT}/Manifest.lock\" > /dev/null\nif [ $? != 0 ] ; then\n    # print error to STDERR\n    echo \"error: The sandbox is not in sync with the Podfile.lock. Run 'pod install' or update your CocoaPods installation.\" >&2\n    exit 1\nfi\n";
			showEnvVarsInLog = 0;
		};
/* End PBXShellScriptBuildPhase section */

/* Begin PBXSourcesBuildPhase section */
		2762831C1F70D18E002046CE /* Sources */ = {
			isa = PBXSourcesBuildPhase;
			buildActionMask = 2147483647;
			files = (
				279F0D5D1F70F1C000C0C132 /* TrainerInfoVC.swift in Sources */,
				279F0D4B1F70EF9A00C0C132 /* NewMember.swift in Sources */,
				279F0D4F1F70F01200C0C132 /* WelcomeVC.swift in Sources */,
				277EAD421F78916D0048B177 /* TrainerService.swift in Sources */,
				271F28F11F7210CA00176F34 /* EliteButton.swift in Sources */,
				271F28F51F72E83300176F34 /* NewMemberService.swift in Sources */,
				279F0D5F1F70F1E000C0C132 /* TrainerInfoSpecVC.swift in Sources */,
				279F0D5B1F70F1A800C0C132 /* TrainerLoginVC.swift in Sources */,
				279F0D551F70F08800C0C132 /* HoursOfWorkoutVC.swift in Sources */,
				271F28F31F72E15A00176F34 /* EliteButtonDelegate.swift in Sources */,
				279F0D611F70F1FF00C0C132 /* TrainerScheduleVC.swift in Sources */,
				279F0D591F70F0D600C0C132 /* TrainerSelectVC.swift in Sources */,
				279F0D571F70F09B00C0C132 /* ScheduleVC.swift in Sources */,
				279F0D4D1F70EFC400C0C132 /* Trainer.swift in Sources */,
				27E3166A1F70E2AC00E30E69 /* AppDelegate.swift in Sources */,
				279F0D511F70F02D00C0C132 /* ContactVC.swift in Sources */,
				271F28EE1F71AED900176F34 /* TrainerPrefVC.swift in Sources */,
			);
			runOnlyForDeploymentPostprocessing = 0;
		};
/* End PBXSourcesBuildPhase section */

/* Begin XCBuildConfiguration section */
		276283301F70D18E002046CE /* Debug */ = {
			isa = XCBuildConfiguration;
			buildSettings = {
				ALWAYS_SEARCH_USER_PATHS = NO;
				CLANG_ANALYZER_NONNULL = YES;
				CLANG_ANALYZER_NUMBER_OBJECT_CONVERSION = YES_AGGRESSIVE;
				CLANG_CXX_LANGUAGE_STANDARD = "gnu++0x";
				CLANG_CXX_LIBRARY = "libc++";
				CLANG_ENABLE_MODULES = YES;
				CLANG_ENABLE_OBJC_ARC = YES;
				CLANG_WARN_BOOL_CONVERSION = YES;
				CLANG_WARN_CONSTANT_CONVERSION = YES;
				CLANG_WARN_DIRECT_OBJC_ISA_USAGE = YES_ERROR;
				CLANG_WARN_DOCUMENTATION_COMMENTS = YES;
				CLANG_WARN_EMPTY_BODY = YES;
				CLANG_WARN_ENUM_CONVERSION = YES;
				CLANG_WARN_INFINITE_RECURSION = YES;
				CLANG_WARN_INT_CONVERSION = YES;
				CLANG_WARN_OBJC_ROOT_CLASS = YES_ERROR;
				CLANG_WARN_SUSPICIOUS_MOVE = YES;
				CLANG_WARN_UNREACHABLE_CODE = YES;
				CLANG_WARN__DUPLICATE_METHOD_MATCH = YES;
				"CODE_SIGN_IDENTITY[sdk=iphoneos*]" = "iPhone Developer";
				COPY_PHASE_STRIP = NO;
				DEBUG_INFORMATION_FORMAT = dwarf;
				ENABLE_STRICT_OBJC_MSGSEND = YES;
				ENABLE_TESTABILITY = YES;
				GCC_C_LANGUAGE_STANDARD = gnu99;
				GCC_DYNAMIC_NO_PIC = NO;
				GCC_NO_COMMON_BLOCKS = YES;
				GCC_OPTIMIZATION_LEVEL = 0;
				GCC_PREPROCESSOR_DEFINITIONS = (
					"DEBUG=1",
					"$(inherited)",
				);
				GCC_WARN_64_TO_32_BIT_CONVERSION = YES;
				GCC_WARN_ABOUT_RETURN_TYPE = YES_ERROR;
				GCC_WARN_UNDECLARED_SELECTOR = YES;
				GCC_WARN_UNINITIALIZED_AUTOS = YES_AGGRESSIVE;
				GCC_WARN_UNUSED_FUNCTION = YES;
				GCC_WARN_UNUSED_VARIABLE = YES;
				IPHONEOS_DEPLOYMENT_TARGET = 10.3;
				MTL_ENABLE_DEBUG_INFO = YES;
				ONLY_ACTIVE_ARCH = YES;
				SDKROOT = iphoneos;
				SWIFT_ACTIVE_COMPILATION_CONDITIONS = DEBUG;
				SWIFT_OPTIMIZATION_LEVEL = "-Onone";
			};
			name = Debug;
		};
		276283311F70D18E002046CE /* Release */ = {
			isa = XCBuildConfiguration;
			buildSettings = {
				ALWAYS_SEARCH_USER_PATHS = NO;
				CLANG_ANALYZER_NONNULL = YES;
				CLANG_ANALYZER_NUMBER_OBJECT_CONVERSION = YES_AGGRESSIVE;
				CLANG_CXX_LANGUAGE_STANDARD = "gnu++0x";
				CLANG_CXX_LIBRARY = "libc++";
				CLANG_ENABLE_MODULES = YES;
				CLANG_ENABLE_OBJC_ARC = YES;
				CLANG_WARN_BOOL_CONVERSION = YES;
				CLANG_WARN_CONSTANT_CONVERSION = YES;
				CLANG_WARN_DIRECT_OBJC_ISA_USAGE = YES_ERROR;
				CLANG_WARN_DOCUMENTATION_COMMENTS = YES;
				CLANG_WARN_EMPTY_BODY = YES;
				CLANG_WARN_ENUM_CONVERSION = YES;
				CLANG_WARN_INFINITE_RECURSION = YES;
				CLANG_WARN_INT_CONVERSION = YES;
				CLANG_WARN_OBJC_ROOT_CLASS = YES_ERROR;
				CLANG_WARN_SUSPICIOUS_MOVE = YES;
				CLANG_WARN_UNREACHABLE_CODE = YES;
				CLANG_WARN__DUPLICATE_METHOD_MATCH = YES;
				"CODE_SIGN_IDENTITY[sdk=iphoneos*]" = "iPhone Developer";
				COPY_PHASE_STRIP = NO;
				DEBUG_INFORMATION_FORMAT = "dwarf-with-dsym";
				ENABLE_NS_ASSERTIONS = NO;
				ENABLE_STRICT_OBJC_MSGSEND = YES;
				GCC_C_LANGUAGE_STANDARD = gnu99;
				GCC_NO_COMMON_BLOCKS = YES;
				GCC_WARN_64_TO_32_BIT_CONVERSION = YES;
				GCC_WARN_ABOUT_RETURN_TYPE = YES_ERROR;
				GCC_WARN_UNDECLARED_SELECTOR = YES;
				GCC_WARN_UNINITIALIZED_AUTOS = YES_AGGRESSIVE;
				GCC_WARN_UNUSED_FUNCTION = YES;
				GCC_WARN_UNUSED_VARIABLE = YES;
				IPHONEOS_DEPLOYMENT_TARGET = 10.3;
				MTL_ENABLE_DEBUG_INFO = NO;
				SDKROOT = iphoneos;
				SWIFT_OPTIMIZATION_LEVEL = "-Owholemodule";
				VALIDATE_PRODUCT = YES;
			};
			name = Release;
		};
		276283331F70D18E002046CE /* Debug */ = {
			isa = XCBuildConfiguration;
			baseConfigurationReference = BA1B3DE1A568529455B9FEC2 /* Pods-Elite-Training-App.debug.xcconfig */;
			buildSettings = {
				ASSETCATALOG_COMPILER_APPICON_NAME = AppIcon;
				CLANG_ENABLE_MODULES = YES;
				DEVELOPMENT_TEAM = BT6SS5GUF3;
				INFOPLIST_FILE = "Elite-Training-App/Info.plist";
				LD_RUNPATH_SEARCH_PATHS = "$(inherited) @executable_path/Frameworks";
				PRODUCT_BUNDLE_IDENTIFIER = "com.AI.Elite-Training-App";
				PRODUCT_NAME = "$(TARGET_NAME)";
				SWIFT_OPTIMIZATION_LEVEL = "-Onone";
				SWIFT_VERSION = 3.0;
				TARGETED_DEVICE_FAMILY = 2;
			};
			name = Debug;
		};
		276283341F70D18E002046CE /* Release */ = {
			isa = XCBuildConfiguration;
			baseConfigurationReference = 163F1D4D1321D5441E10D931 /* Pods-Elite-Training-App.release.xcconfig */;
			buildSettings = {
				ASSETCATALOG_COMPILER_APPICON_NAME = AppIcon;
				CLANG_ENABLE_MODULES = YES;
				DEVELOPMENT_TEAM = BT6SS5GUF3;
				INFOPLIST_FILE = "Elite-Training-App/Info.plist";
				LD_RUNPATH_SEARCH_PATHS = "$(inherited) @executable_path/Frameworks";
				PRODUCT_BUNDLE_IDENTIFIER = "com.AI.Elite-Training-App";
				PRODUCT_NAME = "$(TARGET_NAME)";
				SWIFT_VERSION = 3.0;
				TARGETED_DEVICE_FAMILY = 2;
			};
			name = Release;
		};
/* End XCBuildConfiguration section */

/* Begin XCConfigurationList section */
		2762831B1F70D18E002046CE /* Build configuration list for PBXProject "Elite-Training-App" */ = {
			isa = XCConfigurationList;
			buildConfigurations = (
				276283301F70D18E002046CE /* Debug */,
				276283311F70D18E002046CE /* Release */,
			);
			defaultConfigurationIsVisible = 0;
			defaultConfigurationName = Release;
		};
		276283321F70D18E002046CE /* Build configuration list for PBXNativeTarget "Elite-Training-App" */ = {
			isa = XCConfigurationList;
			buildConfigurations = (
				276283331F70D18E002046CE /* Debug */,
				276283341F70D18E002046CE /* Release */,
			);
			defaultConfigurationIsVisible = 0;
			defaultConfigurationName = Release;
		};
/* End XCConfigurationList section */
	};
	rootObject = 276283181F70D18E002046CE /* Project object */;
}
